
Microsoft Visual Studio Solution File, Format Version 12.00
# Visual Studio Version 17
VisualStudioVersion = 17.7.34024.191
MinimumVisualStudioVersion = 10.0.40219.1
Project("{FAE04EC0-301F-11D3-BF4B-00C04F79EFBC}") = "KorolchukVolodymyr.RobotChallenge", "KorolchukVolodymyr.RobotChallenge\KorolchukVolodymyr.RobotChallenge.csproj", "{D4AFB257-D143-48ED-B1D5-A74A71727E6D}"
EndProject
Project("{FAE04EC0-301F-11D3-BF4B-00C04F79EFBC}") = "KorolchukVolodymyr.RobotChallenge.Test", "KorolchukVolodymyr.RobotChallenge.Test\KorolchukVolodymyr.RobotChallenge.Test.csproj", "{20C567C2-D8E5-475C-AF1D-C738CC5992F4}"
EndProject
Global
	GlobalSection(SolutionConfigurationPlatforms) = preSolution
		Debug|Any CPU = Debug|Any CPU
		Release|Any CPU = Release|Any CPU
	EndGlobalSection
	GlobalSection(ProjectConfigurationPlatforms) = postSolution
		{D4AFB257-D143-48ED-B1D5-A74A71727E6D}.Debug|Any CPU.ActiveCfg = Debug|Any CPU
		{D4AFB257-D143-48ED-B1D5-A74A71727E6D}.Debug|Any CPU.Build.0 = Debug|Any CPU
		{D4AFB257-D143-48ED-B1D5-A74A71727E6D}.Release|Any CPU.ActiveCfg = Release|Any CPU
		{D4AFB257-D143-48ED-B1D5-A74A71727E6D}.Release|Any CPU.Build.0 = Release|Any CPU
		{20C567C2-D8E5-475C-AF1D-C738CC5992F4}.Debug|Any CPU.ActiveCfg = Debug|Any CPU
		{20C567C2-D8E5-475C-AF1D-C738CC5992F4}.Debug|Any CPU.Build.0 = Debug|Any CPU
		{20C567C2-D8E5-475C-AF1D-C738CC5992F4}.Release|Any CPU.ActiveCfg = Release|Any CPU
		{20C567C2-D8E5-475C-AF1D-C738CC5992F4}.Release|Any CPU.Build.0 = Release|Any CPU
	EndGlobalSection
	GlobalSection(SolutionProperties) = preSolution
		HideSolutionNode = FALSE
	EndGlobalSection
	GlobalSection(ExtensibilityGlobals) = postSolution
		SolutionGuid = {1738CBF6-0AB9-4418-9EC4-0D637C138F5B}
	EndGlobalSection
EndGlobal
